<?xml version="1.0" encoding="utf-8"?>
<Project ToolsVersion="4.0" xmlns="http://schemas.microsoft.com/developer/msbuild/2003">
  <ItemGroup>
    <Filter Include="Source Files">
      <UniqueIdentifier>{4FC737F1-C7A5-4376-A066-2A32D752A2FF}</UniqueIdentifier>
      <Extensions>cpp;c;cc;cxx;c++;cppm;ixx;def;odl;idl;hpj;bat;asm;asmx</Extensions>
    </Filter>
    <Filter Include="Header Files">
      <UniqueIdentifier>{93995380-89BD-4b04-88EB-625FBE52EBFB}</UniqueIdentifier>
      <Extensions>h;hh;hpp;hxx;h++;hm;inl;inc;ipp;xsd</Extensions>
    </Filter>
    <Filter Include="Source Files\gameobject">
      <UniqueIdentifier>{63e35342-42a0-471b-b9a6-6d30cc5f9caf}</UniqueIdentifier>
    </Filter>
    <Filter Include="Header Files\gameobject">
      <UniqueIdentifier>{14b6ed62-dbc7-438b-88c8-4f5414b79b84}</UniqueIdentifier>
    </Filter>
    <Filter Include="Source Files\savedata">
      <UniqueIdentifier>{102ec8a5-6f38-4586-b97a-4d7cc7a0472a}</UniqueIdentifier>
    </Filter>
    <Filter Include="Header Files\savedata">
      <UniqueIdentifier>{5c5feb7b-2edc-4e7d-b8ff-be23f4888a0f}</UniqueIdentifier>
    </Filter>
  </ItemGroup>
  <ItemGroup>
    <ClInclude Include="framework.h">
      <Filter>Header Files</Filter>
    </ClInclude>
    <ClInclude Include="pch.h">
      <Filter>Header Files</Filter>
    </ClInclude>
    <ClInclude Include="core.h">
      <Filter>Header Files</Filter>
    </ClInclude>
    <ClInclude Include="logging.h">
      <Filter>Header Files</Filter>
    </ClInclude>
    <ClInclude Include="herostate.h">
      <Filter>Header Files</Filter>
    </ClInclude>
    <ClInclude Include="hero.h">
      <Filter>Header Files</Filter>
    </ClInclude>
    <ClInclude Include="level.h">
      <Filter>Header Files</Filter>
    </ClInclude>
    <ClInclude Include="vector3f.h">
      <Filter>Header Files</Filter>
    </ClInclude>
    <ClInclude Include="gameobject.h">
      <Filter>Header Files\gameobject</Filter>
    </ClInclude>
    <ClInclude Include="goldencog.h">
      <Filter>Header Files\gameobject</Filter>
    </ClInclude>
    <ClInclude Include="gamestate.h">
      <Filter>Header Files</Filter>
    </ClInclude>
    <ClInclude Include="camera.h">
      <Filter>Header Files</Filter>
    </ClInclude>
    <ClInclude Include="camerastate.h">
      <Filter>Header Files</Filter>
    </ClInclude>
    <ClInclude Include="instance.h">
      <Filter>Header Files\gameobject</Filter>
    </ClInclude>
    <ClInclude Include="savedata.h">
      <Filter>Header Files\savedata</Filter>
    </ClInclude>
  </ItemGroup>
  <ItemGroup>
    <ClCompile Include="dllmain.cpp">
      <Filter>Source Files</Filter>
    </ClCompile>
    <ClCompile Include="pch.cpp">
      <Filter>Source Files</Filter>
    </ClCompile>
    <ClCompile Include="core.cpp">
      <Filter>Source Files</Filter>
    </ClCompile>
    <ClCompile Include="hero.cpp">
      <Filter>Source Files</Filter>
    </ClCompile>
    <ClCompile Include="logging.cpp">
      <Filter>Source Files</Filter>
    </ClCompile>
    <ClCompile Include="level.cpp">
      <Filter>Source Files</Filter>
    </ClCompile>
    <ClCompile Include="vector3f.cpp">
      <Filter>Source Files</Filter>
    </ClCompile>
    <ClCompile Include="gameobject.cpp">
      <Filter>Source Files\gameobject</Filter>
    </ClCompile>
    <ClCompile Include="goldencog.cpp">
      <Filter>Source Files\gameobject</Filter>
    </ClCompile>
    <ClCompile Include="gamestate.cpp">
      <Filter>Source Files</Filter>
    </ClCompile>
    <ClCompile Include="camera.cpp">
      <Filter>Source Files</Filter>
    </ClCompile>
    <ClCompile Include="instance.cpp">
      <Filter>Source Files\gameobject</Filter>
    </ClCompile>
    <ClCompile Include="savedata.cpp">
      <Filter>Source Files\savedata</Filter>
    </ClCompile>
  </ItemGroup>
  <ItemGroup>
    <Text Include="Available Functionst.txt">
      <Filter>Source Files</Filter>
    </Text>
  </ItemGroup>
</Project>